
Microsoft Visual Studio Solution File, Format Version 12.00
# Visual Studio Version 17
VisualStudioVersion = 17.5.33424.131
MinimumVisualStudioVersion = 10.0.40219.1
Project("{FAE04EC0-301F-11D3-BF4B-00C04F79EFBC}") = "ProblemaOperacionais", "ProblemaOperacionais\ProblemaOperacionais.csproj", "{3834C12C-B1D8-48BE-A257-41FFE8D08154}"
EndProject
Global
	GlobalSection(SolutionConfigurationPlatforms) = preSolution
		Debug|Any CPU = Debug|Any CPU
		Release|Any CPU = Release|Any CPU
	EndGlobalSection
	GlobalSection(ProjectConfigurationPlatforms) = postSolution
		{3834C12C-B1D8-48BE-A257-41FFE8D08154}.Debug|Any CPU.ActiveCfg = Debug|Any CPU
		{3834C12C-B1D8-48BE-A257-41FFE8D08154}.Debug|Any CPU.Build.0 = Debug|Any CPU
		{3834C12C-B1D8-48BE-A257-41FFE8D08154}.Release|Any CPU.ActiveCfg = Release|Any CPU
		{3834C12C-B1D8-48BE-A257-41FFE8D08154}.Release|Any CPU.Build.0 = Release|Any CPU
	EndGlobalSection
	GlobalSection(SolutionProperties) = preSolution
		HideSolutionNode = FALSE
	EndGlobalSection
	GlobalSection(ExtensibilityGlobals) = postSolution
		SolutionGuid = {1C99A5C0-79E7-4DE2-A107-24ACE4C1E863}
	EndGlobalSection
EndGlobal
